lockfileVersion: 5.3

specifiers:
  '@types/chrome': ^0.0.181

devDependencies:
  '@types/chrome': registry.npmmirror.com/@types/chrome/0.0.181

packages:

  registry.npmmirror.com/@types/chrome/0.0.181:
    resolution: {integrity: sha512-34Ln9YVVC8a195ruqWeaty3pouFdCLr9L5kPcbRflQcxnbXQnHor9uETof8OhDf8JLDytSRDiuDsRXYQYQ+9FA==, registry: https://registry.npm.taobao.org/, tarball: https://registry.npmmirror.com/@types/chrome/-/chrome-0.0.181.tgz}
    name: '@types/chrome'
    version: 0.0.181
    dependencies:
      '@types/filesystem': registry.npmmirror.com/@types/filesystem/0.0.32
      '@types/har-format': registry.npmmirror.com/@types/har-format/1.2.8
    dev: true

  registry.npmmirror.com/@types/filesystem/0.0.32:
    resolution: {integrity: sha512-Yuf4jR5YYMR2DVgwuCiP11s0xuVRyPKmz8vo6HBY3CGdeMj8af93CFZX+T82+VD1+UqHOxTq31lO7MI7lepBtQ==, registry: https://registry.npm.taobao.org/, tarball: https://registry.npmmirror.com/@types/filesystem/-/filesystem-0.0.32.tgz}
    name: '@types/filesystem'
    version: 0.0.32
    dependencies:
      '@types/filewriter': registry.npmmirror.com/@types/filewriter/0.0.29
    dev: true

  registry.npmmirror.com/@types/filewriter/0.0.29:
    resolution: {integrity: sha512-BsPXH/irW0ht0Ji6iw/jJaK8Lj3FJemon2gvEqHKpCdDCeemHa+rI3WBGq5z7cDMZgoLjY40oninGxqk+8NzNQ==, registry: https://registry.npm.taobao.org/, tarball: https://registry.npmmirror.com/@types/filewriter/-/filewriter-0.0.29.tgz}
    name: '@types/filewriter'
    version: 0.0.29
    dev: true

  registry.npmmirror.com/@types/har-format/1.2.8:
    resolution: {integrity: sha512-OP6L9VuZNdskgNN3zFQQ54ceYD8OLq5IbqO4VK91ORLfOm7WdT/CiT/pHEBSQEqCInJ2y3O6iCm/zGtPElpgJQ==, registry: https://registry.npm.taobao.org/, tarball: https://registry.npmmirror.com/@types/har-format/-/har-format-1.2.8.tgz}
    name: '@types/har-format'
    version: 1.2.8
    dev: true
